
Microsoft Visual Studio Solution File, Format Version 12.00
# Visual Studio 15
VisualStudioVersion = 15.0.28307.421
MinimumVisualStudioVersion = 10.0.40219.1
Project("{FAE04EC0-301F-11D3-BF4B-00C04F79EFBC}") = "剪切板EX", "剪切板EX\剪切板EX.csproj", "{F8627A51-8624-4F8E-B540-A7DFC068CF1B}"
EndProject
Global
	GlobalSection(SolutionConfigurationPlatforms) = preSolution
		Debug|Any CPU = Debug|Any CPU
		Release|Any CPU = Release|Any CPU
	EndGlobalSection
	GlobalSection(ProjectConfigurationPlatforms) = postSolution
		{F8627A51-8624-4F8E-B540-A7DFC068CF1B}.Debug|Any CPU.ActiveCfg = Debug|Any CPU
		{F8627A51-8624-4F8E-B540-A7DFC068CF1B}.Debug|Any CPU.Build.0 = Debug|Any CPU
		{F8627A51-8624-4F8E-B540-A7DFC068CF1B}.Release|Any CPU.ActiveCfg = Release|Any CPU
		{F8627A51-8624-4F8E-B540-A7DFC068CF1B}.Release|Any CPU.Build.0 = Release|Any CPU
	EndGlobalSection
	GlobalSection(SolutionProperties) = preSolution
		HideSolutionNode = FALSE
	EndGlobalSection
	GlobalSection(ExtensibilityGlobals) = postSolution
		SolutionGuid = {22EB8E62-7176-48BD-AACE-9AC10A03E8EE}
	EndGlobalSection
EndGlobal
